{
	"name": "auto-relay",
	"version": "0.6.2",
	"lockfileVersion": 1,
	"requires": true,
	"dependencies": {
		"@types/jest": {
			"version": "24.0.17",
			"resolved": "https://registry.npmjs.org/@types/jest/-/jest-24.0.17.tgz",
			"integrity": "sha512-1cy3xkOAfSYn78dsBWy4M3h/QF/HeWPchNFDjysVtp3GHeTdSmtluNnELfCmfNRRHo0OWEcpf+NsEJQvwQfdqQ==",
			"dev": true,
			"requires": {
				"@types/jest-diff": "*"
			}
		},
		"@types/jest-diff": {
			"version": "20.0.1",
			"resolved": "https://registry.npmjs.org/@types/jest-diff/-/jest-diff-20.0.1.tgz",
			"integrity": "sha512-yALhelO3i0hqZwhjtcr6dYyaLoCHbAMshwtj6cGxTvHZAKXHsYGdff6E8EPw3xLKY0ELUTQ69Q1rQiJENnccMA==",
			"dev": true
		},
		"@types/lodash": {
			"version": "4.14.137",
			"resolved": "https://registry.npmjs.org/@types/lodash/-/lodash-4.14.137.tgz",
			"integrity": "sha512-g4rNK5SRKloO+sUGbuO7aPtwbwzMgjK+bm9BBhLD7jGUiGR7zhwYEhSln/ihgYQBeIJ5j7xjyaYzrWTcu3UotQ==",
			"dev": true
		},
		"@types/lodash.clonedeep": {
			"version": "4.5.6",
			"resolved": "https://registry.npmjs.org/@types/lodash.clonedeep/-/lodash.clonedeep-4.5.6.tgz",
			"integrity": "sha512-cE1jYr2dEg1wBImvXlNtp0xDoS79rfEdGozQVgliDZj1uERH4k+rmEMTudP9b4VQ8O6nRb5gPqft0QzEQGMQgA==",
			"dev": true,
			"requires": {
				"@types/lodash": "*"
			}
		},
		"lodash.clonedeep": {
			"version": "4.5.0",
			"resolved": "https://registry.npmjs.org/lodash.clonedeep/-/lodash.clonedeep-4.5.0.tgz",
			"integrity": "sha1-4j8/nE+Pvd6HJSnBBxhXoIblzO8="
		},
		"typedi": {
			"version": "0.8.0",
			"resolved": "https://registry.npmjs.org/typedi/-/typedi-0.8.0.tgz",
			"integrity": "sha512-/c7Bxnm6eh5kXx2I+mTuO+2OvoWni5+rXA3PhXwVWCtJRYmz3hMok5s1AKLzoDvNAZqj/Q/acGstN0ri5aQoOA=="
		}
	}
}
